
Microsoft Visual Studio Solution File, Format Version 12.00
# Visual Studio Version 17
VisualStudioVersion = 17.14.36119.2 d17.14
MinimumVisualStudioVersion = 10.0.40219.1
Project("{FAE04EC0-301F-11D3-BF4B-00C04F79EFBC}") = "AppApuntes", "AppApuntes\AppApuntes.csproj", "{93304733-FAFB-46E3-B300-AA4C0846A20C}"
EndProject
Global
	GlobalSection(SolutionConfigurationPlatforms) = preSolution
		Debug|Any CPU = Debug|Any CPU
		Release|Any CPU = Release|Any CPU
	EndGlobalSection
	GlobalSection(ProjectConfigurationPlatforms) = postSolution
		{93304733-FAFB-46E3-B300-AA4C0846A20C}.Debug|Any CPU.ActiveCfg = Debug|Any CPU
		{93304733-FAFB-46E3-B300-AA4C0846A20C}.Debug|Any CPU.Build.0 = Debug|Any CPU
		{93304733-FAFB-46E3-B300-AA4C0846A20C}.Release|Any CPU.ActiveCfg = Release|Any CPU
		{93304733-FAFB-46E3-B300-AA4C0846A20C}.Release|Any CPU.Build.0 = Release|Any CPU
	EndGlobalSection
	GlobalSection(SolutionProperties) = preSolution
		HideSolutionNode = FALSE
	EndGlobalSection
	GlobalSection(ExtensibilityGlobals) = postSolution
		SolutionGuid = {61AD57B8-90F8-4B76-836C-6EFDD2CD4E30}
	EndGlobalSection
EndGlobal
